
Microsoft Visual Studio Solution File, Format Version 12.00
# Visual Studio 14
VisualStudioVersion = 14.0.25420.1
MinimumVisualStudioVersion = 10.0.40219.1
Project("{8BC9CEB8-8B4A-11D0-8D11-00A0C91BC942}") = "Aula 2910", "Aula 2910\Aula 2910.vcxproj", "{A4EDFBC0-44E3-47DF-BECB-494D9F2A5145}"
EndProject
Project("{8BC9CEB8-8B4A-11D0-8D11-00A0C91BC942}") = "Aula2910 2", "Aula2910 2\Aula2910 2.vcxproj", "{CA06F085-175C-46EF-B488-E868D5264473}"
EndProject
Project("{8BC9CEB8-8B4A-11D0-8D11-00A0C91BC942}") = "Vetores", "Vetores\Vetores.vcxproj", "{99D27D81-65B6-4937-B52F-65F2AB851016}"
EndProject
Global
	GlobalSection(SolutionConfigurationPlatforms) = preSolution
		Debug|x64 = Debug|x64
		Debug|x86 = Debug|x86
		Release|x64 = Release|x64
		Release|x86 = Release|x86
	EndGlobalSection
	GlobalSection(ProjectConfigurationPlatforms) = postSolution
		{A4EDFBC0-44E3-47DF-BECB-494D9F2A5145}.Debug|x64.ActiveCfg = Debug|x64
		{A4EDFBC0-44E3-47DF-BECB-494D9F2A5145}.Debug|x64.Build.0 = Debug|x64
		{A4EDFBC0-44E3-47DF-BECB-494D9F2A5145}.Debug|x86.ActiveCfg = Debug|Win32
		{A4EDFBC0-44E3-47DF-BECB-494D9F2A5145}.Debug|x86.Build.0 = Debug|Win32
		{A4EDFBC0-44E3-47DF-BECB-494D9F2A5145}.Release|x64.ActiveCfg = Release|x64
		{A4EDFBC0-44E3-47DF-BECB-494D9F2A5145}.Release|x64.Build.0 = Release|x64
		{A4EDFBC0-44E3-47DF-BECB-494D9F2A5145}.Release|x86.ActiveCfg = Release|Win32
		{A4EDFBC0-44E3-47DF-BECB-494D9F2A5145}.Release|x86.Build.0 = Release|Win32
		{CA06F085-175C-46EF-B488-E868D5264473}.Debug|x64.ActiveCfg = Debug|x64
		{CA06F085-175C-46EF-B488-E868D5264473}.Debug|x64.Build.0 = Debug|x64
		{CA06F085-175C-46EF-B488-E868D5264473}.Debug|x86.ActiveCfg = Debug|Win32
		{CA06F085-175C-46EF-B488-E868D5264473}.Debug|x86.Build.0 = Debug|Win32
		{CA06F085-175C-46EF-B488-E868D5264473}.Release|x64.ActiveCfg = Release|x64
		{CA06F085-175C-46EF-B488-E868D5264473}.Release|x64.Build.0 = Release|x64
		{CA06F085-175C-46EF-B488-E868D5264473}.Release|x86.ActiveCfg = Release|Win32
		{CA06F085-175C-46EF-B488-E868D5264473}.Release|x86.Build.0 = Release|Win32
		{99D27D81-65B6-4937-B52F-65F2AB851016}.Debug|x64.ActiveCfg = Debug|x64
		{99D27D81-65B6-4937-B52F-65F2AB851016}.Debug|x64.Build.0 = Debug|x64
		{99D27D81-65B6-4937-B52F-65F2AB851016}.Debug|x86.ActiveCfg = Debug|Win32
		{99D27D81-65B6-4937-B52F-65F2AB851016}.Debug|x86.Build.0 = Debug|Win32
		{99D27D81-65B6-4937-B52F-65F2AB851016}.Release|x64.ActiveCfg = Release|x64
		{99D27D81-65B6-4937-B52F-65F2AB851016}.Release|x64.Build.0 = Release|x64
		{99D27D81-65B6-4937-B52F-65F2AB851016}.Release|x86.ActiveCfg = Release|Win32
		{99D27D81-65B6-4937-B52F-65F2AB851016}.Release|x86.Build.0 = Release|Win32
	EndGlobalSection
	GlobalSection(SolutionProperties) = preSolution
		HideSolutionNode = FALSE
	EndGlobalSection
EndGlobal
