
Microsoft Visual Studio Solution File, Format Version 12.00
# Visual Studio 14
VisualStudioVersion = 14.0.25420.1
MinimumVisualStudioVersion = 10.0.40219.1
Project("{8BC9CEB8-8B4A-11D0-8D11-00A0C91BC942}") = "Aula3110", "Aula3110\Aula3110.vcxproj", "{06030E20-EAFC-452B-9183-1BB6042E7E1A}"
EndProject
Project("{8BC9CEB8-8B4A-11D0-8D11-00A0C91BC942}") = "Exercicio 2", "Exercicio 2\Exercicio 2.vcxproj", "{0DF339F9-07F6-401C-A579-14D16A78B1EB}"
EndProject
Project("{8BC9CEB8-8B4A-11D0-8D11-00A0C91BC942}") = "Exercicio 3", "Exercicio 3\Exercicio 3.vcxproj", "{8AA2A3E6-B80F-4498-A1A7-D4744B18B6F2}"
EndProject
Project("{8BC9CEB8-8B4A-11D0-8D11-00A0C91BC942}") = "Exercicio 4", "Exercicio 4\Exercicio 4.vcxproj", "{C7CFF947-D766-43CC-8812-556DA2E5165B}"
EndProject
Project("{8BC9CEB8-8B4A-11D0-8D11-00A0C91BC942}") = "Exercicio 5", "Exercicio 5\Exercicio 5.vcxproj", "{72C2AF86-68BA-4401-927E-929C6B9CB494}"
EndProject
Project("{8BC9CEB8-8B4A-11D0-8D11-00A0C91BC942}") = "Exercicio 6", "Exercicio 6\Exercicio 6.vcxproj", "{CE1AA6A3-6F1F-4135-AD89-4155374B6417}"
EndProject
Project("{8BC9CEB8-8B4A-11D0-8D11-00A0C91BC942}") = "Exercicio 7", "Exercicio 7\Exercicio 7.vcxproj", "{CD6E4401-F2F7-4B3C-B429-09D2D6173D46}"
EndProject
Project("{8BC9CEB8-8B4A-11D0-8D11-00A0C91BC942}") = "Exercicio 8", "Exercicio 8\Exercicio 8.vcxproj", "{35A3BC7A-20BC-4715-BD10-4B024AEFE4B4}"
EndProject
Project("{8BC9CEB8-8B4A-11D0-8D11-00A0C91BC942}") = "Exercicio 19", "Exercicio 19\Exercicio 19.vcxproj", "{51800DD4-DC44-4E74-A70B-B62802F15AF4}"
EndProject
Project("{8BC9CEB8-8B4A-11D0-8D11-00A0C91BC942}") = "Exercicio 20", "Exercicio 20\Exercicio 20.vcxproj", "{B6C7DA9D-8E9C-4EAD-B1BD-C00628FCAAE2}"
EndProject
Project("{8BC9CEB8-8B4A-11D0-8D11-00A0C91BC942}") = "Exercicio 020", "Exercicio 020\Exercicio 020.vcxproj", "{07A994C8-615F-420E-8C57-94851E25624E}"
EndProject
Project("{8BC9CEB8-8B4A-11D0-8D11-00A0C91BC942}") = "Exercicio 36", "Exercicio 36\Exercicio 36.vcxproj", "{0ED87BE4-4462-4F21-8F60-240D10487B9E}"
EndProject
Project("{8BC9CEB8-8B4A-11D0-8D11-00A0C91BC942}") = "Exercicio 21", "Exercicio 21\Exercicio 21.vcxproj", "{2610A970-D817-4A4C-AAEF-EC435FE2A26C}"
EndProject
Project("{8BC9CEB8-8B4A-11D0-8D11-00A0C91BC942}") = "Exercicio 22", "Exercicio 22\Exercicio 22.vcxproj", "{27EE430A-B0F6-45E8-8C38-65D0B73B2763}"
EndProject
Global
	GlobalSection(SolutionConfigurationPlatforms) = preSolution
		Debug|x64 = Debug|x64
		Debug|x86 = Debug|x86
		Release|x64 = Release|x64
		Release|x86 = Release|x86
	EndGlobalSection
	GlobalSection(ProjectConfigurationPlatforms) = postSolution
		{06030E20-EAFC-452B-9183-1BB6042E7E1A}.Debug|x64.ActiveCfg = Debug|x64
		{06030E20-EAFC-452B-9183-1BB6042E7E1A}.Debug|x64.Build.0 = Debug|x64
		{06030E20-EAFC-452B-9183-1BB6042E7E1A}.Debug|x86.ActiveCfg = Debug|Win32
		{06030E20-EAFC-452B-9183-1BB6042E7E1A}.Debug|x86.Build.0 = Debug|Win32
		{06030E20-EAFC-452B-9183-1BB6042E7E1A}.Release|x64.ActiveCfg = Release|x64
		{06030E20-EAFC-452B-9183-1BB6042E7E1A}.Release|x64.Build.0 = Release|x64
		{06030E20-EAFC-452B-9183-1BB6042E7E1A}.Release|x86.ActiveCfg = Release|Win32
		{06030E20-EAFC-452B-9183-1BB6042E7E1A}.Release|x86.Build.0 = Release|Win32
		{0DF339F9-07F6-401C-A579-14D16A78B1EB}.Debug|x64.ActiveCfg = Debug|x64
		{0DF339F9-07F6-401C-A579-14D16A78B1EB}.Debug|x64.Build.0 = Debug|x64
		{0DF339F9-07F6-401C-A579-14D16A78B1EB}.Debug|x86.ActiveCfg = Debug|Win32
		{0DF339F9-07F6-401C-A579-14D16A78B1EB}.Debug|x86.Build.0 = Debug|Win32
		{0DF339F9-07F6-401C-A579-14D16A78B1EB}.Release|x64.ActiveCfg = Release|x64
		{0DF339F9-07F6-401C-A579-14D16A78B1EB}.Release|x64.Build.0 = Release|x64
		{0DF339F9-07F6-401C-A579-14D16A78B1EB}.Release|x86.ActiveCfg = Release|Win32
		{0DF339F9-07F6-401C-A579-14D16A78B1EB}.Release|x86.Build.0 = Release|Win32
		{8AA2A3E6-B80F-4498-A1A7-D4744B18B6F2}.Debug|x64.ActiveCfg = Debug|x64
		{8AA2A3E6-B80F-4498-A1A7-D4744B18B6F2}.Debug|x64.Build.0 = Debug|x64
		{8AA2A3E6-B80F-4498-A1A7-D4744B18B6F2}.Debug|x86.ActiveCfg = Debug|Win32
		{8AA2A3E6-B80F-4498-A1A7-D4744B18B6F2}.Debug|x86.Build.0 = Debug|Win32
		{8AA2A3E6-B80F-4498-A1A7-D4744B18B6F2}.Release|x64.ActiveCfg = Release|x64
		{8AA2A3E6-B80F-4498-A1A7-D4744B18B6F2}.Release|x64.Build.0 = Release|x64
		{8AA2A3E6-B80F-4498-A1A7-D4744B18B6F2}.Release|x86.ActiveCfg = Release|Win32
		{8AA2A3E6-B80F-4498-A1A7-D4744B18B6F2}.Release|x86.Build.0 = Release|Win32
		{C7CFF947-D766-43CC-8812-556DA2E5165B}.Debug|x64.ActiveCfg = Debug|x64
		{C7CFF947-D766-43CC-8812-556DA2E5165B}.Debug|x64.Build.0 = Debug|x64
		{C7CFF947-D766-43CC-8812-556DA2E5165B}.Debug|x86.ActiveCfg = Debug|Win32
		{C7CFF947-D766-43CC-8812-556DA2E5165B}.Debug|x86.Build.0 = Debug|Win32
		{C7CFF947-D766-43CC-8812-556DA2E5165B}.Release|x64.ActiveCfg = Release|x64
		{C7CFF947-D766-43CC-8812-556DA2E5165B}.Release|x64.Build.0 = Release|x64
		{C7CFF947-D766-43CC-8812-556DA2E5165B}.Release|x86.ActiveCfg = Release|Win32
		{C7CFF947-D766-43CC-8812-556DA2E5165B}.Release|x86.Build.0 = Release|Win32
		{72C2AF86-68BA-4401-927E-929C6B9CB494}.Debug|x64.ActiveCfg = Debug|x64
		{72C2AF86-68BA-4401-927E-929C6B9CB494}.Debug|x64.Build.0 = Debug|x64
		{72C2AF86-68BA-4401-927E-929C6B9CB494}.Debug|x86.ActiveCfg = Debug|Win32
		{72C2AF86-68BA-4401-927E-929C6B9CB494}.Debug|x86.Build.0 = Debug|Win32
		{72C2AF86-68BA-4401-927E-929C6B9CB494}.Release|x64.ActiveCfg = Release|x64
		{72C2AF86-68BA-4401-927E-929C6B9CB494}.Release|x64.Build.0 = Release|x64
		{72C2AF86-68BA-4401-927E-929C6B9CB494}.Release|x86.ActiveCfg = Release|Win32
		{72C2AF86-68BA-4401-927E-929C6B9CB494}.Release|x86.Build.0 = Release|Win32
		{CE1AA6A3-6F1F-4135-AD89-4155374B6417}.Debug|x64.ActiveCfg = Debug|x64
		{CE1AA6A3-6F1F-4135-AD89-4155374B6417}.Debug|x64.Build.0 = Debug|x64
		{CE1AA6A3-6F1F-4135-AD89-4155374B6417}.Debug|x86.ActiveCfg = Debug|Win32
		{CE1AA6A3-6F1F-4135-AD89-4155374B6417}.Debug|x86.Build.0 = Debug|Win32
		{CE1AA6A3-6F1F-4135-AD89-4155374B6417}.Release|x64.ActiveCfg = Release|x64
		{CE1AA6A3-6F1F-4135-AD89-4155374B6417}.Release|x64.Build.0 = Release|x64
		{CE1AA6A3-6F1F-4135-AD89-4155374B6417}.Release|x86.ActiveCfg = Release|Win32
		{CE1AA6A3-6F1F-4135-AD89-4155374B6417}.Release|x86.Build.0 = Release|Win32
		{CD6E4401-F2F7-4B3C-B429-09D2D6173D46}.Debug|x64.ActiveCfg = Debug|x64
		{CD6E4401-F2F7-4B3C-B429-09D2D6173D46}.Debug|x64.Build.0 = Debug|x64
		{CD6E4401-F2F7-4B3C-B429-09D2D6173D46}.Debug|x86.ActiveCfg = Debug|Win32
		{CD6E4401-F2F7-4B3C-B429-09D2D6173D46}.Debug|x86.Build.0 = Debug|Win32
		{CD6E4401-F2F7-4B3C-B429-09D2D6173D46}.Release|x64.ActiveCfg = Release|x64
		{CD6E4401-F2F7-4B3C-B429-09D2D6173D46}.Release|x64.Build.0 = Release|x64
		{CD6E4401-F2F7-4B3C-B429-09D2D6173D46}.Release|x86.ActiveCfg = Release|Win32
		{CD6E4401-F2F7-4B3C-B429-09D2D6173D46}.Release|x86.Build.0 = Release|Win32
		{35A3BC7A-20BC-4715-BD10-4B024AEFE4B4}.Debug|x64.ActiveCfg = Debug|x64
		{35A3BC7A-20BC-4715-BD10-4B024AEFE4B4}.Debug|x64.Build.0 = Debug|x64
		{35A3BC7A-20BC-4715-BD10-4B024AEFE4B4}.Debug|x86.ActiveCfg = Debug|Win32
		{35A3BC7A-20BC-4715-BD10-4B024AEFE4B4}.Debug|x86.Build.0 = Debug|Win32
		{35A3BC7A-20BC-4715-BD10-4B024AEFE4B4}.Release|x64.ActiveCfg = Release|x64
		{35A3BC7A-20BC-4715-BD10-4B024AEFE4B4}.Release|x64.Build.0 = Release|x64
		{35A3BC7A-20BC-4715-BD10-4B024AEFE4B4}.Release|x86.ActiveCfg = Release|Win32
		{35A3BC7A-20BC-4715-BD10-4B024AEFE4B4}.Release|x86.Build.0 = Release|Win32
		{51800DD4-DC44-4E74-A70B-B62802F15AF4}.Debug|x64.ActiveCfg = Debug|x64
		{51800DD4-DC44-4E74-A70B-B62802F15AF4}.Debug|x64.Build.0 = Debug|x64
		{51800DD4-DC44-4E74-A70B-B62802F15AF4}.Debug|x86.ActiveCfg = Debug|Win32
		{51800DD4-DC44-4E74-A70B-B62802F15AF4}.Debug|x86.Build.0 = Debug|Win32
		{51800DD4-DC44-4E74-A70B-B62802F15AF4}.Release|x64.ActiveCfg = Release|x64
		{51800DD4-DC44-4E74-A70B-B62802F15AF4}.Release|x64.Build.0 = Release|x64
		{51800DD4-DC44-4E74-A70B-B62802F15AF4}.Release|x86.ActiveCfg = Release|Win32
		{51800DD4-DC44-4E74-A70B-B62802F15AF4}.Release|x86.Build.0 = Release|Win32
		{B6C7DA9D-8E9C-4EAD-B1BD-C00628FCAAE2}.Debug|x64.ActiveCfg = Debug|x64
		{B6C7DA9D-8E9C-4EAD-B1BD-C00628FCAAE2}.Debug|x64.Build.0 = Debug|x64
		{B6C7DA9D-8E9C-4EAD-B1BD-C00628FCAAE2}.Debug|x86.ActiveCfg = Debug|Win32
		{B6C7DA9D-8E9C-4EAD-B1BD-C00628FCAAE2}.Debug|x86.Build.0 = Debug|Win32
		{B6C7DA9D-8E9C-4EAD-B1BD-C00628FCAAE2}.Release|x64.ActiveCfg = Release|x64
		{B6C7DA9D-8E9C-4EAD-B1BD-C00628FCAAE2}.Release|x64.Build.0 = Release|x64
		{B6C7DA9D-8E9C-4EAD-B1BD-C00628FCAAE2}.Release|x86.ActiveCfg = Release|Win32
		{B6C7DA9D-8E9C-4EAD-B1BD-C00628FCAAE2}.Release|x86.Build.0 = Release|Win32
		{07A994C8-615F-420E-8C57-94851E25624E}.Debug|x64.ActiveCfg = Debug|x64
		{07A994C8-615F-420E-8C57-94851E25624E}.Debug|x64.Build.0 = Debug|x64
		{07A994C8-615F-420E-8C57-94851E25624E}.Debug|x86.ActiveCfg = Debug|Win32
		{07A994C8-615F-420E-8C57-94851E25624E}.Debug|x86.Build.0 = Debug|Win32
		{07A994C8-615F-420E-8C57-94851E25624E}.Release|x64.ActiveCfg = Release|x64
		{07A994C8-615F-420E-8C57-94851E25624E}.Release|x64.Build.0 = Release|x64
		{07A994C8-615F-420E-8C57-94851E25624E}.Release|x86.ActiveCfg = Release|Win32
		{07A994C8-615F-420E-8C57-94851E25624E}.Release|x86.Build.0 = Release|Win32
		{0ED87BE4-4462-4F21-8F60-240D10487B9E}.Debug|x64.ActiveCfg = Debug|x64
		{0ED87BE4-4462-4F21-8F60-240D10487B9E}.Debug|x64.Build.0 = Debug|x64
		{0ED87BE4-4462-4F21-8F60-240D10487B9E}.Debug|x86.ActiveCfg = Debug|Win32
		{0ED87BE4-4462-4F21-8F60-240D10487B9E}.Debug|x86.Build.0 = Debug|Win32
		{0ED87BE4-4462-4F21-8F60-240D10487B9E}.Release|x64.ActiveCfg = Release|x64
		{0ED87BE4-4462-4F21-8F60-240D10487B9E}.Release|x64.Build.0 = Release|x64
		{0ED87BE4-4462-4F21-8F60-240D10487B9E}.Release|x86.ActiveCfg = Release|Win32
		{0ED87BE4-4462-4F21-8F60-240D10487B9E}.Release|x86.Build.0 = Release|Win32
		{2610A970-D817-4A4C-AAEF-EC435FE2A26C}.Debug|x64.ActiveCfg = Debug|x64
		{2610A970-D817-4A4C-AAEF-EC435FE2A26C}.Debug|x64.Build.0 = Debug|x64
		{2610A970-D817-4A4C-AAEF-EC435FE2A26C}.Debug|x86.ActiveCfg = Debug|Win32
		{2610A970-D817-4A4C-AAEF-EC435FE2A26C}.Debug|x86.Build.0 = Debug|Win32
		{2610A970-D817-4A4C-AAEF-EC435FE2A26C}.Release|x64.ActiveCfg = Release|x64
		{2610A970-D817-4A4C-AAEF-EC435FE2A26C}.Release|x64.Build.0 = Release|x64
		{2610A970-D817-4A4C-AAEF-EC435FE2A26C}.Release|x86.ActiveCfg = Release|Win32
		{2610A970-D817-4A4C-AAEF-EC435FE2A26C}.Release|x86.Build.0 = Release|Win32
		{27EE430A-B0F6-45E8-8C38-65D0B73B2763}.Debug|x64.ActiveCfg = Debug|x64
		{27EE430A-B0F6-45E8-8C38-65D0B73B2763}.Debug|x64.Build.0 = Debug|x64
		{27EE430A-B0F6-45E8-8C38-65D0B73B2763}.Debug|x86.ActiveCfg = Debug|Win32
		{27EE430A-B0F6-45E8-8C38-65D0B73B2763}.Debug|x86.Build.0 = Debug|Win32
		{27EE430A-B0F6-45E8-8C38-65D0B73B2763}.Release|x64.ActiveCfg = Release|x64
		{27EE430A-B0F6-45E8-8C38-65D0B73B2763}.Release|x64.Build.0 = Release|x64
		{27EE430A-B0F6-45E8-8C38-65D0B73B2763}.Release|x86.ActiveCfg = Release|Win32
		{27EE430A-B0F6-45E8-8C38-65D0B73B2763}.Release|x86.Build.0 = Release|Win32
	EndGlobalSection
	GlobalSection(SolutionProperties) = preSolution
		HideSolutionNode = FALSE
	EndGlobalSection
EndGlobal
